
Microsoft Visual Studio Solution File, Format Version 12.00
# Visual Studio Version 16
VisualStudioVersion = 16.0.29509.3
MinimumVisualStudioVersion = 10.0.40219.1
Project("{8BC9CEB8-8B4A-11D0-8D11-00A0C91BC942}") = "Star1", "Star1.vcxproj", "{D89C5CD4-0722-423A-98BC-9CCB829BE78B}"
EndProject
Global
	GlobalSection(SolutionConfigurationPlatforms) = preSolution
		Debug|x64 = Debug|x64
		Debug|x86 = Debug|x86
		Release|x64 = Release|x64
		Release|x86 = Release|x86
	EndGlobalSection
	GlobalSection(ProjectConfigurationPlatforms) = postSolution
		{D89C5CD4-0722-423A-98BC-9CCB829BE78B}.Debug|x64.ActiveCfg = Debug|x64
		{D89C5CD4-0722-423A-98BC-9CCB829BE78B}.Debug|x64.Build.0 = Debug|x64
		{D89C5CD4-0722-423A-98BC-9CCB829BE78B}.Debug|x86.ActiveCfg = Debug|Win32
		{D89C5CD4-0722-423A-98BC-9CCB829BE78B}.Debug|x86.Build.0 = Debug|Win32
		{D89C5CD4-0722-423A-98BC-9CCB829BE78B}.Release|x64.ActiveCfg = Release|x64
		{D89C5CD4-0722-423A-98BC-9CCB829BE78B}.Release|x64.Build.0 = Release|x64
		{D89C5CD4-0722-423A-98BC-9CCB829BE78B}.Release|x86.ActiveCfg = Release|Win32
		{D89C5CD4-0722-423A-98BC-9CCB829BE78B}.Release|x86.Build.0 = Release|Win32
	EndGlobalSection
	GlobalSection(SolutionProperties) = preSolution
		HideSolutionNode = FALSE
	EndGlobalSection
	GlobalSection(ExtensibilityGlobals) = postSolution
		SolutionGuid = {3D7BDBED-DFAC-45DF-AF20-CA8A315FA1EE}
	EndGlobalSection
EndGlobal
