
Microsoft Visual Studio Solution File, Format Version 12.00
# Visual Studio Version 16
VisualStudioVersion = 16.0.29609.76
MinimumVisualStudioVersion = 10.0.40219.1
Project("{8BC9CEB8-8B4A-11D0-8D11-00A0C91BC942}") = "Star1", "Star1.vcxproj", "{E8972E61-6B9A-4730-AE27-F2D2D4DB038C}"
EndProject
Global
	GlobalSection(SolutionConfigurationPlatforms) = preSolution
		Debug|x64 = Debug|x64
		Debug|x86 = Debug|x86
		Release|x64 = Release|x64
		Release|x86 = Release|x86
	EndGlobalSection
	GlobalSection(ProjectConfigurationPlatforms) = postSolution
		{E8972E61-6B9A-4730-AE27-F2D2D4DB038C}.Debug|x64.ActiveCfg = Debug|x64
		{E8972E61-6B9A-4730-AE27-F2D2D4DB038C}.Debug|x64.Build.0 = Debug|x64
		{E8972E61-6B9A-4730-AE27-F2D2D4DB038C}.Debug|x86.ActiveCfg = Debug|Win32
		{E8972E61-6B9A-4730-AE27-F2D2D4DB038C}.Debug|x86.Build.0 = Debug|Win32
		{E8972E61-6B9A-4730-AE27-F2D2D4DB038C}.Release|x64.ActiveCfg = Release|x64
		{E8972E61-6B9A-4730-AE27-F2D2D4DB038C}.Release|x64.Build.0 = Release|x64
		{E8972E61-6B9A-4730-AE27-F2D2D4DB038C}.Release|x86.ActiveCfg = Release|Win32
		{E8972E61-6B9A-4730-AE27-F2D2D4DB038C}.Release|x86.Build.0 = Release|Win32
	EndGlobalSection
	GlobalSection(SolutionProperties) = preSolution
		HideSolutionNode = FALSE
	EndGlobalSection
	GlobalSection(ExtensibilityGlobals) = postSolution
		SolutionGuid = {531EE013-5F08-4DCD-A3AB-DF9252A72B8D}
	EndGlobalSection
EndGlobal
